<?xml version="1.0" encoding="utf-8"?>
<Project ToolsVersion="4.0" xmlns="http://schemas.microsoft.com/developer/msbuild/2003">
  <ItemGroup>
    <Filter Include="ソース ファイル">
      <UniqueIdentifier>{4FC737F1-C7A5-4376-A066-2A32D752A2FF}</UniqueIdentifier>
      <Extensions>cpp;c;cc;cxx;c++;cppm;ixx;def;odl;idl;hpj;bat;asm;asmx</Extensions>
    </Filter>
    <Filter Include="ヘッダー ファイル">
      <UniqueIdentifier>{93995380-89BD-4b04-88EB-625FBE52EBFB}</UniqueIdentifier>
      <Extensions>h;hh;hpp;hxx;h++;hm;inl;inc;ipp;xsd</Extensions>
    </Filter>
    <Filter Include="リソース ファイル">
      <UniqueIdentifier>{67DA6AB6-F800-4c08-8B7A-83BB121AAD01}</UniqueIdentifier>
      <Extensions>rc;ico;cur;bmp;dlg;rc2;rct;bin;rgs;gif;jpg;jpeg;jpe;resx;tiff;tif;png;wav;mfcribbon-ms</Extensions>
    </Filter>
    <Filter Include="ヘッダー ファイル\Game">
      <UniqueIdentifier>{db955209-2e36-4b3d-8878-63820d16ee31}</UniqueIdentifier>
    </Filter>
    <Filter Include="ソース ファイル\Game">
      <UniqueIdentifier>{fe711c56-8357-4036-a6af-593c0f0290a4}</UniqueIdentifier>
    </Filter>
    <Filter Include="ソース ファイル\Mode">
      <UniqueIdentifier>{7002b711-60c1-43bd-93d8-ae49df12b81b}</UniqueIdentifier>
    </Filter>
    <Filter Include="ソース ファイル\Object">
      <UniqueIdentifier>{cccb43a1-a680-4055-9ba3-d4d42707f5a3}</UniqueIdentifier>
    </Filter>
    <Filter Include="ヘッダー ファイル\Mode">
      <UniqueIdentifier>{cd0001bf-7296-4c5b-ad6f-db5e550930b0}</UniqueIdentifier>
    </Filter>
    <Filter Include="ヘッダー ファイル\Object">
      <UniqueIdentifier>{402e4c57-f443-4de0-8a9a-676e9751c39c}</UniqueIdentifier>
    </Filter>
    <Filter Include="ヘッダー ファイル\Player">
      <UniqueIdentifier>{53733215-2bf1-41cc-bdbb-6e078c50f745}</UniqueIdentifier>
    </Filter>
    <Filter Include="ソース ファイル\Player">
      <UniqueIdentifier>{91cada99-8e7c-40e3-aa9e-ca6baa3b7fe2}</UniqueIdentifier>
    </Filter>
    <Filter Include="ソース ファイル\Stage">
      <UniqueIdentifier>{0a526d2e-6850-4036-9dd8-f588e60c3c0c}</UniqueIdentifier>
    </Filter>
    <Filter Include="ヘッダー ファイル\Stage">
      <UniqueIdentifier>{1784dfd9-02de-4d6b-a5ee-4bfaa29d19dc}</UniqueIdentifier>
    </Filter>
    <Filter Include="ヘッダー ファイル\Create">
      <UniqueIdentifier>{83c88a7f-0a41-4322-bccf-f1daaf1f9adc}</UniqueIdentifier>
    </Filter>
    <Filter Include="ヘッダー ファイル\Camera">
      <UniqueIdentifier>{f9569b6a-c601-4942-8835-a90789350a59}</UniqueIdentifier>
    </Filter>
    <Filter Include="ソース ファイル\Camera">
      <UniqueIdentifier>{508829b3-aa1b-4036-b697-b300269a1424}</UniqueIdentifier>
    </Filter>
    <Filter Include="ソース ファイル\Create">
      <UniqueIdentifier>{0bba3ffb-97ce-44f7-bf5f-e934b11076db}</UniqueIdentifier>
    </Filter>
    <Filter Include="ヘッダー ファイル\Model">
      <UniqueIdentifier>{acb6379a-6893-4404-bb8f-279a97498050}</UniqueIdentifier>
    </Filter>
    <Filter Include="ソース ファイル\Model">
      <UniqueIdentifier>{7956fc73-099d-4bd2-9e4c-27cbfb6a8157}</UniqueIdentifier>
    </Filter>
    <Filter Include="ソース ファイル\Effect">
      <UniqueIdentifier>{098a5d69-a0a7-45da-aaa9-573683b7e1d6}</UniqueIdentifier>
    </Filter>
    <Filter Include="ヘッダー ファイル\Effect">
      <UniqueIdentifier>{168e9368-c1d0-4688-b465-9a00861b1dd8}</UniqueIdentifier>
    </Filter>
    <Filter Include="ソース ファイル\Enemy">
      <UniqueIdentifier>{60ee9adb-e056-4540-a00f-72988ca44ef1}</UniqueIdentifier>
    </Filter>
    <Filter Include="ヘッダー ファイル\Enemy">
      <UniqueIdentifier>{e4e3ffc7-e8f3-479c-92b8-640b2da3dd3e}</UniqueIdentifier>
    </Filter>
    <Filter Include="ヘッダー ファイル\Collision">
      <UniqueIdentifier>{9306959f-fd46-4eec-9e2e-158b4d673e59}</UniqueIdentifier>
    </Filter>
    <Filter Include="ソース ファイル\Collision">
      <UniqueIdentifier>{0c7ca877-ca62-49a3-98f6-2921ba728779}</UniqueIdentifier>
    </Filter>
    <Filter Include="ヘッダー ファイル\Lighting">
      <UniqueIdentifier>{42198891-9e13-4452-ad54-0727052fc42e}</UniqueIdentifier>
    </Filter>
    <Filter Include="ソース ファイル\Lighting">
      <UniqueIdentifier>{1a29c202-4604-4c18-88d7-081146a02e42}</UniqueIdentifier>
    </Filter>
    <Filter Include="ヘッダー ファイル\Sprite">
      <UniqueIdentifier>{f7b789ac-6246-4269-a43d-a7e083c1e351}</UniqueIdentifier>
    </Filter>
    <Filter Include="ソース ファイル\Sprite">
      <UniqueIdentifier>{59873b81-338c-49d3-8aaa-cb4891c09bb8}</UniqueIdentifier>
    </Filter>
    <Filter Include="ソース ファイル\Clear">
      <UniqueIdentifier>{8d85358f-db24-4a7b-ad40-0cd8a5e8918d}</UniqueIdentifier>
    </Filter>
    <Filter Include="ヘッダー ファイル\Clear">
      <UniqueIdentifier>{f37956c6-532c-4f64-ab35-d29692f4dd20}</UniqueIdentifier>
    </Filter>
  </ItemGroup>
  <ItemGroup>
    <ClInclude Include="ModeBoss.h">
      <Filter>ヘッダー ファイル\Mode</Filter>
    </ClInclude>
    <ClInclude Include="ModeTitle.h">
      <Filter>ヘッダー ファイル\Mode</Filter>
    </ClInclude>
    <ClInclude Include="ObjectBase.h">
      <Filter>ヘッダー ファイル\Object</Filter>
    </ClInclude>
    <ClInclude Include="Player.h">
      <Filter>ヘッダー ファイル\Player</Filter>
    </ClInclude>
    <ClInclude Include="Stage.h">
      <Filter>ヘッダー ファイル\Stage</Filter>
    </ClInclude>
    <ClInclude Include="CreatorBase.h">
      <Filter>ヘッダー ファイル\Create</Filter>
    </ClInclude>
    <ClInclude Include="CameraComponent.h">
      <Filter>ヘッダー ファイル\Camera</Filter>
    </ClInclude>
    <ClInclude Include="ObjectFactory.h">
      <Filter>ヘッダー ファイル\Create</Filter>
    </ClInclude>
    <ClInclude Include="PlayerCreator.h">
      <Filter>ヘッダー ファイル\Create</Filter>
    </ClInclude>
    <ClInclude Include="StageCreator.h">
      <Filter>ヘッダー ファイル\Create</Filter>
    </ClInclude>
    <ClInclude Include="ModelComponent.h">
      <Filter>ヘッダー ファイル\Model</Filter>
    </ClInclude>
    <ClInclude Include="ModelAnimeComponent.h">
      <Filter>ヘッダー ファイル\Model</Filter>
    </ClInclude>
    <ClInclude Include="EffectBase.h">
      <Filter>ヘッダー ファイル\Effect</Filter>
    </ClInclude>
    <ClInclude Include="EffectPlayerShot.h">
      <Filter>ヘッダー ファイル\Effect</Filter>
    </ClInclude>
    <ClInclude Include="ModeBase.h">
      <Filter>ヘッダー ファイル\Mode</Filter>
    </ClInclude>
    <ClInclude Include="LargeEnemyCreator.h">
      <Filter>ヘッダー ファイル\Create</Filter>
    </ClInclude>
    <ClInclude Include="FallObjectCreator.h">
      <Filter>ヘッダー ファイル\Create</Filter>
    </ClInclude>
    <ClInclude Include="Gatling.h">
      <Filter>ヘッダー ファイル\Enemy</Filter>
    </ClInclude>
    <ClInclude Include="GatlingCreator.h">
      <Filter>ヘッダー ファイル\Create</Filter>
    </ClInclude>
    <ClInclude Include="LargeEnemy.h">
      <Filter>ヘッダー ファイル\Enemy</Filter>
    </ClInclude>
    <ClInclude Include="FallObject.h">
      <Filter>ヘッダー ファイル\Enemy</Filter>
    </ClInclude>
    <ClInclude Include="CollisionComponent.h">
      <Filter>ヘッダー ファイル\Collision</Filter>
    </ClInclude>
    <ClInclude Include="LoadStageFromJson.h">
      <Filter>ヘッダー ファイル\Stage</Filter>
    </ClInclude>
    <ClInclude Include="StageData.h">
      <Filter>ヘッダー ファイル\Stage</Filter>
    </ClInclude>
    <ClInclude Include="StageModelComponent.h">
      <Filter>ヘッダー ファイル\Stage</Filter>
    </ClInclude>
    <ClInclude Include="ModeInGameBase.h">
      <Filter>ヘッダー ファイル\Mode</Filter>
    </ClInclude>
    <ClInclude Include="LightAndShadow.h">
      <Filter>ヘッダー ファイル\Lighting</Filter>
    </ClInclude>
    <ClInclude Include="SpriteBase.h">
      <Filter>ヘッダー ファイル\Sprite</Filter>
    </ClInclude>
    <ClInclude Include="PlayerHP.h">
      <Filter>ヘッダー ファイル\Player</Filter>
    </ClInclude>
    <ClInclude Include="Bullet.h">
      <Filter>ヘッダー ファイル\Player</Filter>
    </ClInclude>
    <ClInclude Include="BulletCreator.h">
      <Filter>ヘッダー ファイル\Create</Filter>
    </ClInclude>
    <ClInclude Include="PoorEnemyGatling.h">
      <Filter>ヘッダー ファイル\Enemy</Filter>
    </ClInclude>
    <ClInclude Include="PoorEnemyGatlingCreator.h">
      <Filter>ヘッダー ファイル\Create</Filter>
    </ClInclude>
    <ClInclude Include="Laser.h">
      <Filter>ヘッダー ファイル\Enemy</Filter>
    </ClInclude>
    <ClInclude Include="RemainingBullet.h">
      <Filter>ヘッダー ファイル\Player</Filter>
    </ClInclude>
    <ClInclude Include="LaserCreator.h">
      <Filter>ヘッダー ファイル\Create</Filter>
    </ClInclude>
    <ClInclude Include="ModeClearResult.h">
      <Filter>ヘッダー ファイル\Mode</Filter>
    </ClInclude>
    <ClInclude Include="ClearTime.h">
      <Filter>ヘッダー ファイル\Clear</Filter>
    </ClInclude>
    <ClInclude Include="ModeGameOver.h">
      <Filter>ヘッダー ファイル\Mode</Filter>
    </ClInclude>
    <ClInclude Include="ModeMissionCompleted.h">
      <Filter>ヘッダー ファイル\Mode</Filter>
    </ClInclude>
    <ClInclude Include="ModeMissionFailed.h">
      <Filter>ヘッダー ファイル\Mode</Filter>
    </ClInclude>
    <ClInclude Include="ModeOption.h">
      <Filter>ヘッダー ファイル\Mode</Filter>
    </ClInclude>
    <ClInclude Include="ModePoor.h">
      <Filter>ヘッダー ファイル\Mode</Filter>
    </ClInclude>
    <ClInclude Include="ModeMovie.h">
      <Filter>ヘッダー ファイル\Mode</Filter>
    </ClInclude>
    <ClInclude Include="SpawnRecord.h">
      <Filter>ヘッダー ファイル\Create</Filter>
    </ClInclude>
    <ClInclude Include="EffectObjFall.h">
      <Filter>ヘッダー ファイル\Effect</Filter>
    </ClInclude>
    <ClInclude Include="LargeEnemyHP.h">
      <Filter>ヘッダー ファイル\Enemy</Filter>
    </ClInclude>
    <ClInclude Include="RemainingPortion.h">
      <Filter>ヘッダー ファイル\Player</Filter>
    </ClInclude>
    <ClInclude Include="Reticle.h">
      <Filter>ヘッダー ファイル\Player</Filter>
    </ClInclude>
    <ClInclude Include="ObjectServer.h">
      <Filter>ヘッダー ファイル\Object</Filter>
    </ClInclude>
    <ClInclude Include="GameMain.h">
      <Filter>ヘッダー ファイル\Game</Filter>
    </ClInclude>
    <ClInclude Include="PoorEnemyBase.h">
      <Filter>ヘッダー ファイル\Enemy</Filter>
    </ClInclude>
    <ClInclude Include="PoorEnemyMelee.h">
      <Filter>ヘッダー ファイル\Enemy</Filter>
    </ClInclude>
  </ItemGroup>
  <ItemGroup>
    <ClCompile Include="GameMain.cpp">
      <Filter>ソース ファイル\Game</Filter>
    </ClCompile>
    <ClCompile Include="ModeBoss.cpp">
      <Filter>ソース ファイル\Mode</Filter>
    </ClCompile>
    <ClCompile Include="ModeTitle.cpp">
      <Filter>ソース ファイル\Mode</Filter>
    </ClCompile>
    <ClCompile Include="ObjectBase.cpp">
      <Filter>ソース ファイル\Object</Filter>
    </ClCompile>
    <ClCompile Include="Player.cpp">
      <Filter>ソース ファイル\Player</Filter>
    </ClCompile>
    <ClCompile Include="Stage.cpp">
      <Filter>ソース ファイル\Stage</Filter>
    </ClCompile>
    <ClCompile Include="CameraComponent.cpp">
      <Filter>ソース ファイル\Camera</Filter>
    </ClCompile>
    <ClCompile Include="ObjectFactory.cpp">
      <Filter>ソース ファイル\Create</Filter>
    </ClCompile>
    <ClCompile Include="PlayerCreator.cpp">
      <Filter>ソース ファイル\Create</Filter>
    </ClCompile>
    <ClCompile Include="StageCreator.cpp">
      <Filter>ソース ファイル\Create</Filter>
    </ClCompile>
    <ClCompile Include="ModelComponent.cpp">
      <Filter>ソース ファイル\Model</Filter>
    </ClCompile>
    <ClCompile Include="ModelAnimeComponent.cpp">
      <Filter>ソース ファイル\Model</Filter>
    </ClCompile>
    <ClCompile Include="EffectBase.cpp">
      <Filter>ソース ファイル\Effect</Filter>
    </ClCompile>
    <ClCompile Include="ModeBase.cpp">
      <Filter>ソース ファイル\Mode</Filter>
    </ClCompile>
    <ClCompile Include="LargeEnemyCreator.cpp">
      <Filter>ソース ファイル\Create</Filter>
    </ClCompile>
    <ClCompile Include="FallObjectCreator.cpp">
      <Filter>ソース ファイル\Create</Filter>
    </ClCompile>
    <ClCompile Include="CreatorBase.cpp">
      <Filter>ソース ファイル\Create</Filter>
    </ClCompile>
    <ClCompile Include="Gatling.cpp">
      <Filter>ソース ファイル\Enemy</Filter>
    </ClCompile>
    <ClCompile Include="GatlingCreator.cpp">
      <Filter>ソース ファイル\Create</Filter>
    </ClCompile>
    <ClCompile Include="EffectPlayerShot.cpp">
      <Filter>ソース ファイル\Effect</Filter>
    </ClCompile>
    <ClCompile Include="LargeEnemy.cpp">
      <Filter>ソース ファイル\Enemy</Filter>
    </ClCompile>
    <ClCompile Include="FallObject.cpp">
      <Filter>ソース ファイル\Enemy</Filter>
    </ClCompile>
    <ClCompile Include="CollisionComponent.cpp">
      <Filter>ソース ファイル\Collision</Filter>
    </ClCompile>
    <ClCompile Include="LoadStageFromJson.cpp">
      <Filter>ソース ファイル\Stage</Filter>
    </ClCompile>
    <ClCompile Include="StageModelComponent.cpp">
      <Filter>ソース ファイル\Stage</Filter>
    </ClCompile>
    <ClCompile Include="ModeInGameBase.cpp">
      <Filter>ソース ファイル\Mode</Filter>
    </ClCompile>
    <ClCompile Include="LightAndShadow.cpp">
      <Filter>ソース ファイル\Lighting</Filter>
    </ClCompile>
    <ClCompile Include="Bullet.cpp">
      <Filter>ソース ファイル\Player</Filter>
    </ClCompile>
    <ClCompile Include="PlayerHP.cpp">
      <Filter>ソース ファイル\Player</Filter>
    </ClCompile>
    <ClCompile Include="BulletCreator.cpp">
      <Filter>ソース ファイル\Create</Filter>
    </ClCompile>
    <ClCompile Include="SpriteBase.cpp">
      <Filter>ソース ファイル\Sprite</Filter>
    </ClCompile>
    <ClCompile Include="PoorEnemyGatling.cpp">
      <Filter>ソース ファイル\Enemy</Filter>
    </ClCompile>
    <ClCompile Include="PoorEnemyGatlingCreator.cpp">
      <Filter>ソース ファイル\Create</Filter>
    </ClCompile>
    <ClCompile Include="Laser.cpp">
      <Filter>ソース ファイル\Enemy</Filter>
    </ClCompile>
    <ClCompile Include="RemainingBullet.cpp">
      <Filter>ソース ファイル\Player</Filter>
    </ClCompile>
    <ClCompile Include="LaserCreator.cpp">
      <Filter>ソース ファイル\Create</Filter>
    </ClCompile>
    <ClCompile Include="ModeClearResult.cpp">
      <Filter>ソース ファイル\Mode</Filter>
    </ClCompile>
    <ClCompile Include="ClearTime.cpp">
      <Filter>ソース ファイル\Clear</Filter>
    </ClCompile>
    <ClCompile Include="ModeGameOver.cpp">
      <Filter>ソース ファイル\Mode</Filter>
    </ClCompile>
    <ClCompile Include="ModeMissionCompleted.cpp">
      <Filter>ソース ファイル\Mode</Filter>
    </ClCompile>
    <ClCompile Include="ModeMissionFailed.cpp">
      <Filter>ソース ファイル\Mode</Filter>
    </ClCompile>
    <ClCompile Include="ModeOption.cpp">
      <Filter>ソース ファイル\Mode</Filter>
    </ClCompile>
    <ClCompile Include="ModePoor.cpp">
      <Filter>ソース ファイル\Mode</Filter>
    </ClCompile>
    <ClCompile Include="ModeMovie.cpp">
      <Filter>ソース ファイル\Mode</Filter>
    </ClCompile>
    <ClCompile Include="EffectObjFall.cpp">
      <Filter>ソース ファイル\Effect</Filter>
    </ClCompile>
    <ClCompile Include="LargeEnemyHP.cpp">
      <Filter>ソース ファイル\Enemy</Filter>
    </ClCompile>
    <ClCompile Include="RemainingPortion.cpp">
      <Filter>ソース ファイル\Player</Filter>
    </ClCompile>
    <ClCompile Include="Reticle.cpp">
      <Filter>ソース ファイル\Player</Filter>
    </ClCompile>
    <ClCompile Include="ObjectServer.cpp">
      <Filter>ソース ファイル\Object</Filter>
    </ClCompile>
    <ClCompile Include="PoorEnemyBase.cpp">
      <Filter>ソース ファイル\Enemy</Filter>
    </ClCompile>
    <ClCompile Include="PoorEnemyMelee.cpp">
      <Filter>ソース ファイル\Enemy</Filter>
    </ClCompile>
  </ItemGroup>
  <ItemGroup>
    <None Include="packages.config" />
  </ItemGroup>
</Project>